
Microsoft Visual Studio Solution File, Format Version 12.00
# Visual Studio Version 17
VisualStudioVersion = 17.14.36221.1
MinimumVisualStudioVersion = 10.0.40219.1
Project("{FAE04EC0-301F-11D3-BF4B-00C04F79EFBC}") = "demo", "demo\demo.csproj", "{BB47438D-1E98-49A2-8D12-D4B29603A39B}"
EndProject
Project("{FAE04EC0-301F-11D3-BF4B-00C04F79EFBC}") = "Assignment01", "Assignment01\Assignment01.csproj", "{1DD8981A-EB29-406D-A553-FEA789662DB8}"
EndProject
Global
	GlobalSection(SolutionConfigurationPlatforms) = preSolution
		Debug|Any CPU = Debug|Any CPU
		Release|Any CPU = Release|Any CPU
	EndGlobalSection
	GlobalSection(ProjectConfigurationPlatforms) = postSolution
		{BB47438D-1E98-49A2-8D12-D4B29603A39B}.Debug|Any CPU.ActiveCfg = Debug|Any CPU
		{BB47438D-1E98-49A2-8D12-D4B29603A39B}.Debug|Any CPU.Build.0 = Debug|Any CPU
		{BB47438D-1E98-49A2-8D12-D4B29603A39B}.Release|Any CPU.ActiveCfg = Release|Any CPU
		{BB47438D-1E98-49A2-8D12-D4B29603A39B}.Release|Any CPU.Build.0 = Release|Any CPU
		{1DD8981A-EB29-406D-A553-FEA789662DB8}.Debug|Any CPU.ActiveCfg = Debug|Any CPU
		{1DD8981A-EB29-406D-A553-FEA789662DB8}.Debug|Any CPU.Build.0 = Debug|Any CPU
		{1DD8981A-EB29-406D-A553-FEA789662DB8}.Release|Any CPU.ActiveCfg = Release|Any CPU
		{1DD8981A-EB29-406D-A553-FEA789662DB8}.Release|Any CPU.Build.0 = Release|Any CPU
	EndGlobalSection
	GlobalSection(SolutionProperties) = preSolution
		HideSolutionNode = FALSE
	EndGlobalSection
	GlobalSection(ExtensibilityGlobals) = postSolution
		SolutionGuid = {DA46F48C-B6C8-4E1B-9CA7-C7980BA35EED}
	EndGlobalSection
EndGlobal
